
Microsoft Visual Studio Solution File, Format Version 12.00
# Visual Studio Version 16
VisualStudioVersion = 16.0.30011.22
MinimumVisualStudioVersion = 10.0.40219.1
Project("{FAE04EC0-301F-11D3-BF4B-00C04F79EFBC}") = "TrainingApp.PL", "TrainingApp.PL\TrainingApp.PL.csproj", "{193F899C-7A03-44C8-B4E0-F794227BC823}"
EndProject
Project("{FAE04EC0-301F-11D3-BF4B-00C04F79EFBC}") = "TrainingApp.BLL", "TrainingApp.BL\TrainingApp.BLL.csproj", "{AFCE97CC-240C-4611-A49A-8D47590402A9}"
EndProject
Project("{FAE04EC0-301F-11D3-BF4B-00C04F79EFBC}") = "TrainingApp.DAL", "TrainingApp.DAL\TrainingApp.DAL.csproj", "{41CD2977-CA60-4C69-8CE8-D6E3A880696A}"
EndProject
Global
	GlobalSection(SolutionConfigurationPlatforms) = preSolution
		Debug|Any CPU = Debug|Any CPU
		Release|Any CPU = Release|Any CPU
	EndGlobalSection
	GlobalSection(ProjectConfigurationPlatforms) = postSolution
		{193F899C-7A03-44C8-B4E0-F794227BC823}.Debug|Any CPU.ActiveCfg = Debug|Any CPU
		{193F899C-7A03-44C8-B4E0-F794227BC823}.Debug|Any CPU.Build.0 = Debug|Any CPU
		{193F899C-7A03-44C8-B4E0-F794227BC823}.Release|Any CPU.ActiveCfg = Release|Any CPU
		{193F899C-7A03-44C8-B4E0-F794227BC823}.Release|Any CPU.Build.0 = Release|Any CPU
		{AFCE97CC-240C-4611-A49A-8D47590402A9}.Debug|Any CPU.ActiveCfg = Debug|Any CPU
		{AFCE97CC-240C-4611-A49A-8D47590402A9}.Debug|Any CPU.Build.0 = Debug|Any CPU
		{AFCE97CC-240C-4611-A49A-8D47590402A9}.Release|Any CPU.ActiveCfg = Release|Any CPU
		{AFCE97CC-240C-4611-A49A-8D47590402A9}.Release|Any CPU.Build.0 = Release|Any CPU
		{41CD2977-CA60-4C69-8CE8-D6E3A880696A}.Debug|Any CPU.ActiveCfg = Debug|Any CPU
		{41CD2977-CA60-4C69-8CE8-D6E3A880696A}.Debug|Any CPU.Build.0 = Debug|Any CPU
		{41CD2977-CA60-4C69-8CE8-D6E3A880696A}.Release|Any CPU.ActiveCfg = Release|Any CPU
		{41CD2977-CA60-4C69-8CE8-D6E3A880696A}.Release|Any CPU.Build.0 = Release|Any CPU
	EndGlobalSection
	GlobalSection(SolutionProperties) = preSolution
		HideSolutionNode = FALSE
	EndGlobalSection
	GlobalSection(ExtensibilityGlobals) = postSolution
		SolutionGuid = {D7834D7F-8FA0-4EB9-A860-EEF95E727139}
	EndGlobalSection
EndGlobal
