
Microsoft Visual Studio Solution File, Format Version 12.00
# Visual Studio Version 16
VisualStudioVersion = 16.0.30011.22
MinimumVisualStudioVersion = 10.0.40219.1
Project("{9A19103F-16F7-4668-BE54-9A1E7A4F7556}") = "TrainingApp.BLL", "TrainingApp.BL\TrainingApp.BLL.csproj", "{AFCE97CC-240C-4611-A49A-8D47590402A9}"
EndProject
Project("{9A19103F-16F7-4668-BE54-9A1E7A4F7556}") = "TrainingApp.DAL", "TrainingApp.DAL\TrainingApp.DAL.csproj", "{41CD2977-CA60-4C69-8CE8-D6E3A880696A}"
EndProject
Project("{FAE04EC0-301F-11D3-BF4B-00C04F79EFBC}") = "TrainingApp.Api", "TrainingApp.Api\TrainingApp.Api.csproj", "{2B741814-10B1-43A3-BF72-FE0DDCA55C6C}"
EndProject
Global
	GlobalSection(SolutionConfigurationPlatforms) = preSolution
		Debug|Any CPU = Debug|Any CPU
		Release|Any CPU = Release|Any CPU
	EndGlobalSection
	GlobalSection(ProjectConfigurationPlatforms) = postSolution
		{AFCE97CC-240C-4611-A49A-8D47590402A9}.Debug|Any CPU.ActiveCfg = Debug|Any CPU
		{AFCE97CC-240C-4611-A49A-8D47590402A9}.Debug|Any CPU.Build.0 = Debug|Any CPU
		{AFCE97CC-240C-4611-A49A-8D47590402A9}.Release|Any CPU.ActiveCfg = Release|Any CPU
		{AFCE97CC-240C-4611-A49A-8D47590402A9}.Release|Any CPU.Build.0 = Release|Any CPU
		{41CD2977-CA60-4C69-8CE8-D6E3A880696A}.Debug|Any CPU.ActiveCfg = Debug|Any CPU
		{41CD2977-CA60-4C69-8CE8-D6E3A880696A}.Debug|Any CPU.Build.0 = Debug|Any CPU
		{41CD2977-CA60-4C69-8CE8-D6E3A880696A}.Release|Any CPU.ActiveCfg = Release|Any CPU
		{41CD2977-CA60-4C69-8CE8-D6E3A880696A}.Release|Any CPU.Build.0 = Release|Any CPU
		{2B741814-10B1-43A3-BF72-FE0DDCA55C6C}.Debug|Any CPU.ActiveCfg = Debug|Any CPU
		{2B741814-10B1-43A3-BF72-FE0DDCA55C6C}.Debug|Any CPU.Build.0 = Debug|Any CPU
		{2B741814-10B1-43A3-BF72-FE0DDCA55C6C}.Release|Any CPU.ActiveCfg = Release|Any CPU
		{2B741814-10B1-43A3-BF72-FE0DDCA55C6C}.Release|Any CPU.Build.0 = Release|Any CPU
	EndGlobalSection
	GlobalSection(SolutionProperties) = preSolution
		HideSolutionNode = FALSE
	EndGlobalSection
	GlobalSection(ExtensibilityGlobals) = postSolution
		SolutionGuid = {D7834D7F-8FA0-4EB9-A860-EEF95E727139}
	EndGlobalSection
EndGlobal
